{
  "name": "nodeapp",
  "version": "0.0.1",
  "lockfileVersion": 2,
  "requires": true,
  "packages": {
    "": {
      "name": "nodeapp",
      "version": "0.0.1",
      "license": "ISC",
      "dependencies": {
        "nodelib": "github:raphaelbruno/nodelib"
      }
    },
    "node_modules/nodelib": {
      "version": "0.0.1",
      "resolved": "git+ssh://git@github.com/raphaelbruno/nodelib.git#8180c0d6ed5c039a1b411a5d2c00f90162cf20ea",
      "license": "ISC"
    }
  },
  "dependencies": {
    "nodelib": {
      "version": "git+ssh://git@github.com/raphaelbruno/nodelib.git#8180c0d6ed5c039a1b411a5d2c00f90162cf20ea",
      "from": "nodelib@git+https://github.com/raphaelbruno/nodelib.git"
    }
  }
}
